
Microsoft Visual Studio Solution File, Format Version 12.00
# Visual Studio Version 16
VisualStudioVersion = 16.0.32929.386
MinimumVisualStudioVersion = 10.0.40219.1
Project("{FAE04EC0-301F-11D3-BF4B-00C04F79EFBC}") = "WpfApp1_text", "WpfApp1_text\WpfApp1_text.csproj", "{A2011974-6703-4390-A789-C3895FD42477}"
EndProject
Global
	GlobalSection(SolutionConfigurationPlatforms) = preSolution
		Debug|Any CPU = Debug|Any CPU
		Release|Any CPU = Release|Any CPU
	EndGlobalSection
	GlobalSection(ProjectConfigurationPlatforms) = postSolution
		{A2011974-6703-4390-A789-C3895FD42477}.Debug|Any CPU.ActiveCfg = Debug|Any CPU
		{A2011974-6703-4390-A789-C3895FD42477}.Debug|Any CPU.Build.0 = Debug|Any CPU
		{A2011974-6703-4390-A789-C3895FD42477}.Release|Any CPU.ActiveCfg = Release|Any CPU
		{A2011974-6703-4390-A789-C3895FD42477}.Release|Any CPU.Build.0 = Release|Any CPU
	EndGlobalSection
	GlobalSection(SolutionProperties) = preSolution
		HideSolutionNode = FALSE
	EndGlobalSection
	GlobalSection(ExtensibilityGlobals) = postSolution
		SolutionGuid = {FF7F0828-EDD2-4A59-990E-D864BF5F79AA}
	EndGlobalSection
EndGlobal
